
Microsoft Visual Studio Solution File, Format Version 12.00
# Visual Studio Version 17
VisualStudioVersion = 17.9.34607.119
MinimumVisualStudioVersion = 10.0.40219.1
Project("{FAE04EC0-301F-11D3-BF4B-00C04F79EFBC}") = "BulkyWeb", "BulkyWeb\BulkyWeb.csproj", "{501FD78B-8AA6-405A-A7C8-618415292D0C}"
EndProject
Global
	GlobalSection(SolutionConfigurationPlatforms) = preSolution
		Debug|Any CPU = Debug|Any CPU
		Release|Any CPU = Release|Any CPU
	EndGlobalSection
	GlobalSection(ProjectConfigurationPlatforms) = postSolution
		{501FD78B-8AA6-405A-A7C8-618415292D0C}.Debug|Any CPU.ActiveCfg = Debug|Any CPU
		{501FD78B-8AA6-405A-A7C8-618415292D0C}.Debug|Any CPU.Build.0 = Debug|Any CPU
		{501FD78B-8AA6-405A-A7C8-618415292D0C}.Release|Any CPU.ActiveCfg = Release|Any CPU
		{501FD78B-8AA6-405A-A7C8-618415292D0C}.Release|Any CPU.Build.0 = Release|Any CPU
	EndGlobalSection
	GlobalSection(SolutionProperties) = preSolution
		HideSolutionNode = FALSE
	EndGlobalSection
	GlobalSection(ExtensibilityGlobals) = postSolution
		SolutionGuid = {D4324AB0-91AF-47C6-83C1-49DB66746D6F}
	EndGlobalSection
EndGlobal
